// !$*UTF8*$!
{
	archiveVersion = 1;
	classes = {
	};
	objectVersion = 46;
	objects = {

/* Begin PBXBuildFile section */
		53018E7C1D06BEC300CD5A8D /* NoteGuessingGameHistory.swift in Sources */ = {isa = PBXBuildFile; fileRef = 53018E7B1D06BEC300CD5A8D /* NoteGuessingGameHistory.swift */; };
		53018E7E1D06BEDE00CD5A8D /* PositionAnswer.swift in Sources */ = {isa = PBXBuildFile; fileRef = 53018E7D1D06BEDE00CD5A8D /* PositionAnswer.swift */; };
		53018E801D06BF0200CD5A8D /* FingerPositionStats.swift in Sources */ = {isa = PBXBuildFile; fileRef = 53018E7F1D06BF0200CD5A8D /* FingerPositionStats.swift */; };
		53018E811D06C06F00CD5A8D /* NoteGuessingGameHistory.swift in Sources */ = {isa = PBXBuildFile; fileRef = 53018E7B1D06BEC300CD5A8D /* NoteGuessingGameHistory.swift */; };
		53018E821D06C07800CD5A8D /* PositionAnswer.swift in Sources */ = {isa = PBXBuildFile; fileRef = 53018E7D1D06BEDE00CD5A8D /* PositionAnswer.swift */; };
		53018E831D06C08D00CD5A8D /* FingerPositionStats.swift in Sources */ = {isa = PBXBuildFile; fileRef = 53018E7F1D06BF0200CD5A8D /* FingerPositionStats.swift */; };
		53018E851D09667800CD5A8D /* GuitarString.swift in Sources */ = {isa = PBXBuildFile; fileRef = 53018E841D09667800CD5A8D /* GuitarString.swift */; };
		53018E861D09668E00CD5A8D /* GuitarString.swift in Sources */ = {isa = PBXBuildFile; fileRef = 53018E841D09667800CD5A8D /* GuitarString.swift */; };
		5304F2251B86136000DBA4D4 /* SettingsViewController.swift in Sources */ = {isa = PBXBuildFile; fileRef = 5304F2241B86136000DBA4D4 /* SettingsViewController.swift */; };
		5304F2271B86152F00DBA4D4 /* Settings.swift in Sources */ = {isa = PBXBuildFile; fileRef = 5304F2261B86152F00DBA4D4 /* Settings.swift */; };
		5304F2281B86257600DBA4D4 /* Settings.swift in Sources */ = {isa = PBXBuildFile; fileRef = 5304F2261B86152F00DBA4D4 /* Settings.swift */; };
		530A4F4D1B45B1EE003DDCE3 /* AppDelegate.swift in Sources */ = {isa = PBXBuildFile; fileRef = 530A4F4C1B45B1EE003DDCE3 /* AppDelegate.swift */; };
		530A4F521B45B1EE003DDCE3 /* Main.storyboard in Resources */ = {isa = PBXBuildFile; fileRef = 530A4F501B45B1EE003DDCE3 /* Main.storyboard */; };
		530A4F541B45B1EE003DDCE3 /* Images.xcassets in Resources */ = {isa = PBXBuildFile; fileRef = 530A4F531B45B1EE003DDCE3 /* Images.xcassets */; };
		530A4F571B45B1EE003DDCE3 /* LaunchScreen.xib in Resources */ = {isa = PBXBuildFile; fileRef = 530A4F551B45B1EE003DDCE3 /* LaunchScreen.xib */; };
		534EBC5A1B45B72000C7C45C /* FingerPosition.swift in Sources */ = {isa = PBXBuildFile; fileRef = 534EBC551B45B72000C7C45C /* FingerPosition.swift */; };
		534EBC5B1B45B72000C7C45C /* Scale.swift in Sources */ = {isa = PBXBuildFile; fileRef = 534EBC561B45B72000C7C45C /* Scale.swift */; };
		534EBC5C1B45B72000C7C45C /* GuitarRenderingSettings.swift in Sources */ = {isa = PBXBuildFile; fileRef = 534EBC571B45B72000C7C45C /* GuitarRenderingSettings.swift */; };
		534EBC5D1B45B72000C7C45C /* Guitar.swift in Sources */ = {isa = PBXBuildFile; fileRef = 534EBC581B45B72000C7C45C /* Guitar.swift */; };
		534EBC5E1B45B72000C7C45C /* NoteGuessingGame.swift in Sources */ = {isa = PBXBuildFile; fileRef = 534EBC591B45B72000C7C45C /* NoteGuessingGame.swift */; };
		534EBC5F1B45B74F00C7C45C /* FingerPosition.swift in Sources */ = {isa = PBXBuildFile; fileRef = 534EBC551B45B72000C7C45C /* FingerPosition.swift */; };
		534EBC601B45B74F00C7C45C /* Scale.swift in Sources */ = {isa = PBXBuildFile; fileRef = 534EBC561B45B72000C7C45C /* Scale.swift */; };
		534EBC611B45B74F00C7C45C /* GuitarRenderingSettings.swift in Sources */ = {isa = PBXBuildFile; fileRef = 534EBC571B45B72000C7C45C /* GuitarRenderingSettings.swift */; };
		534EBC621B45B74F00C7C45C /* Guitar.swift in Sources */ = {isa = PBXBuildFile; fileRef = 534EBC581B45B72000C7C45C /* Guitar.swift */; };
		534EBC631B45B74F00C7C45C /* NoteGuessingGame.swift in Sources */ = {isa = PBXBuildFile; fileRef = 534EBC591B45B72000C7C45C /* NoteGuessingGame.swift */; };
		534EBC661B45B78500C7C45C /* ArrayExtensions.swift in Sources */ = {isa = PBXBuildFile; fileRef = 534EBC651B45B78500C7C45C /* ArrayExtensions.swift */; };
		534EBC6B1B45B7EA00C7C45C /* NotesViewController.swift in Sources */ = {isa = PBXBuildFile; fileRef = 534EBC681B45B7EA00C7C45C /* NotesViewController.swift */; };
		534EBC6C1B45B7EA00C7C45C /* ScalesViewController.swift in Sources */ = {isa = PBXBuildFile; fileRef = 534EBC691B45B7EA00C7C45C /* ScalesViewController.swift */; };
		534EBC741B45B81300C7C45C /* GuitarShapeDiagramUIView.swift in Sources */ = {isa = PBXBuildFile; fileRef = 534EBC6F1B45B81300C7C45C /* GuitarShapeDiagramUIView.swift */; };
		534EBC751B45B81300C7C45C /* GuitarLayer.swift in Sources */ = {isa = PBXBuildFile; fileRef = 534EBC701B45B81300C7C45C /* GuitarLayer.swift */; };
		534EBC761B45B81300C7C45C /* PositionLayer.swift in Sources */ = {isa = PBXBuildFile; fileRef = 534EBC711B45B81300C7C45C /* PositionLayer.swift */; };
		534EBC771B45B81300C7C45C /* ScaleLayer.swift in Sources */ = {isa = PBXBuildFile; fileRef = 534EBC721B45B81300C7C45C /* ScaleLayer.swift */; };
		534EBC781B45B81300C7C45C /* NoteCell.swift in Sources */ = {isa = PBXBuildFile; fileRef = 534EBC731B45B81300C7C45C /* NoteCell.swift */; };
		534EBC791B45B88B00C7C45C /* ArrayExtensions.swift in Sources */ = {isa = PBXBuildFile; fileRef = 534EBC651B45B78500C7C45C /* ArrayExtensions.swift */; };
		535EC6111D01E8A00030A989 /* NoteGuessingGameHistoryTests.swift in Sources */ = {isa = PBXBuildFile; fileRef = 535EC6101D01E8A00030A989 /* NoteGuessingGameHistoryTests.swift */; };
		5398AA401B45B41D00DD259B /* NoteGuessingGameTests.swift in Sources */ = {isa = PBXBuildFile; fileRef = 5398AA3D1B45B41D00DD259B /* NoteGuessingGameTests.swift */; };
		5398AA411B45B41D00DD259B /* FingerPositionTests.swift in Sources */ = {isa = PBXBuildFile; fileRef = 5398AA3E1B45B41D00DD259B /* FingerPositionTests.swift */; };
		5398AA421B45B41D00DD259B /* ScaleTests.swift in Sources */ = {isa = PBXBuildFile; fileRef = 5398AA3F1B45B41D00DD259B /* ScaleTests.swift */; };
		53C6C0C11C60064D00565A5C /* FretsViewController.swift in Sources */ = {isa = PBXBuildFile; fileRef = 53C6C0C01C60064D00565A5C /* FretsViewController.swift */; };
/* End PBXBuildFile section */

/* Begin PBXContainerItemProxy section */
		530A4F5D1B45B1EE003DDCE3 /* PBXContainerItemProxy */ = {
			isa = PBXContainerItemProxy;
			containerPortal = 530A4F3F1B45B1EE003DDCE3 /* Project object */;
			proxyType = 1;
			remoteGlobalIDString = 530A4F461B45B1EE003DDCE3;
			remoteInfo = GuitarShapes;
		};
/* End PBXContainerItemProxy section */

/* Begin PBXFileReference section */
		53018E7B1D06BEC300CD5A8D /* NoteGuessingGameHistory.swift */ = {isa = PBXFileReference; fileEncoding = 4; lastKnownFileType = sourcecode.swift; path = NoteGuessingGameHistory.swift; sourceTree = "<group>"; };
		53018E7D1D06BEDE00CD5A8D /* PositionAnswer.swift */ = {isa = PBXFileReference; fileEncoding = 4; lastKnownFileType = sourcecode.swift; path = PositionAnswer.swift; sourceTree = "<group>"; };
		53018E7F1D06BF0200CD5A8D /* FingerPositionStats.swift */ = {isa = PBXFileReference; fileEncoding = 4; lastKnownFileType = sourcecode.swift; path = FingerPositionStats.swift; sourceTree = "<group>"; };
		53018E841D09667800CD5A8D /* GuitarString.swift */ = {isa = PBXFileReference; fileEncoding = 4; lastKnownFileType = sourcecode.swift; path = GuitarString.swift; sourceTree = "<group>"; };
		5304F2241B86136000DBA4D4 /* SettingsViewController.swift */ = {isa = PBXFileReference; fileEncoding = 4; lastKnownFileType = sourcecode.swift; path = SettingsViewController.swift; sourceTree = "<group>"; };
		5304F2261B86152F00DBA4D4 /* Settings.swift */ = {isa = PBXFileReference; fileEncoding = 4; lastKnownFileType = sourcecode.swift; path = Settings.swift; sourceTree = "<group>"; };
		530A4F471B45B1EE003DDCE3 /* GuitarShapes.app */ = {isa = PBXFileReference; explicitFileType = wrapper.application; includeInIndex = 0; path = GuitarShapes.app; sourceTree = BUILT_PRODUCTS_DIR; };
		530A4F4B1B45B1EE003DDCE3 /* Info.plist */ = {isa = PBXFileReference; lastKnownFileType = text.plist.xml; path = Info.plist; sourceTree = "<group>"; };
		530A4F4C1B45B1EE003DDCE3 /* AppDelegate.swift */ = {isa = PBXFileReference; lastKnownFileType = sourcecode.swift; path = AppDelegate.swift; sourceTree = "<group>"; };
		530A4F511B45B1EE003DDCE3 /* Base */ = {isa = PBXFileReference; lastKnownFileType = file.storyboard; name = Base; path = Base.lproj/Main.storyboard; sourceTree = "<group>"; };
		530A4F531B45B1EE003DDCE3 /* Images.xcassets */ = {isa = PBXFileReference; lastKnownFileType = folder.assetcatalog; path = Images.xcassets; sourceTree = "<group>"; };
		530A4F561B45B1EE003DDCE3 /* Base */ = {isa = PBXFileReference; lastKnownFileType = file.xib; name = Base; path = Base.lproj/LaunchScreen.xib; sourceTree = "<group>"; };
		530A4F5C1B45B1EE003DDCE3 /* GuitarShapesTests.xctest */ = {isa = PBXFileReference; explicitFileType = wrapper.cfbundle; includeInIndex = 0; path = GuitarShapesTests.xctest; sourceTree = BUILT_PRODUCTS_DIR; };
		530A4F611B45B1EE003DDCE3 /* Info.plist */ = {isa = PBXFileReference; lastKnownFileType = text.plist.xml; path = Info.plist; sourceTree = "<group>"; };
		534EBC551B45B72000C7C45C /* FingerPosition.swift */ = {isa = PBXFileReference; fileEncoding = 4; lastKnownFileType = sourcecode.swift; path = FingerPosition.swift; sourceTree = "<group>"; };
		534EBC561B45B72000C7C45C /* Scale.swift */ = {isa = PBXFileReference; fileEncoding = 4; lastKnownFileType = sourcecode.swift; path = Scale.swift; sourceTree = "<group>"; };
		534EBC571B45B72000C7C45C /* GuitarRenderingSettings.swift */ = {isa = PBXFileReference; fileEncoding = 4; lastKnownFileType = sourcecode.swift; path = GuitarRenderingSettings.swift; sourceTree = "<group>"; };
		534EBC581B45B72000C7C45C /* Guitar.swift */ = {isa = PBXFileReference; fileEncoding = 4; lastKnownFileType = sourcecode.swift; path = Guitar.swift; sourceTree = "<group>"; };
		534EBC591B45B72000C7C45C /* NoteGuessingGame.swift */ = {isa = PBXFileReference; fileEncoding = 4; lastKnownFileType = sourcecode.swift; path = NoteGuessingGame.swift; sourceTree = "<group>"; };
		534EBC651B45B78500C7C45C /* ArrayExtensions.swift */ = {isa = PBXFileReference; fileEncoding = 4; lastKnownFileType = sourcecode.swift; path = ArrayExtensions.swift; sourceTree = "<group>"; };
		534EBC681B45B7EA00C7C45C /* NotesViewController.swift */ = {isa = PBXFileReference; fileEncoding = 4; lastKnownFileType = sourcecode.swift; path = NotesViewController.swift; sourceTree = "<group>"; };
		534EBC691B45B7EA00C7C45C /* ScalesViewController.swift */ = {isa = PBXFileReference; fileEncoding = 4; lastKnownFileType = sourcecode.swift; path = ScalesViewController.swift; sourceTree = "<group>"; };
		534EBC6F1B45B81300C7C45C /* GuitarShapeDiagramUIView.swift */ = {isa = PBXFileReference; fileEncoding = 4; lastKnownFileType = sourcecode.swift; path = GuitarShapeDiagramUIView.swift; sourceTree = "<group>"; };
		534EBC701B45B81300C7C45C /* GuitarLayer.swift */ = {isa = PBXFileReference; fileEncoding = 4; lastKnownFileType = sourcecode.swift; path = GuitarLayer.swift; sourceTree = "<group>"; };
		534EBC711B45B81300C7C45C /* PositionLayer.swift */ = {isa = PBXFileReference; fileEncoding = 4; lastKnownFileType = sourcecode.swift; path = PositionLayer.swift; sourceTree = "<group>"; };
		534EBC721B45B81300C7C45C /* ScaleLayer.swift */ = {isa = PBXFileReference; fileEncoding = 4; lastKnownFileType = sourcecode.swift; path = ScaleLayer.swift; sourceTree = "<group>"; };
		534EBC731B45B81300C7C45C /* NoteCell.swift */ = {isa = PBXFileReference; fileEncoding = 4; lastKnownFileType = sourcecode.swift; path = NoteCell.swift; sourceTree = "<group>"; };
		535EC6101D01E8A00030A989 /* NoteGuessingGameHistoryTests.swift */ = {isa = PBXFileReference; fileEncoding = 4; lastKnownFileType = sourcecode.swift; path = NoteGuessingGameHistoryTests.swift; sourceTree = "<group>"; };
		5398AA3D1B45B41D00DD259B /* NoteGuessingGameTests.swift */ = {isa = PBXFileReference; fileEncoding = 4; lastKnownFileType = sourcecode.swift; path = NoteGuessingGameTests.swift; sourceTree = "<group>"; };
		5398AA3E1B45B41D00DD259B /* FingerPositionTests.swift */ = {isa = PBXFileReference; fileEncoding = 4; lastKnownFileType = sourcecode.swift; path = FingerPositionTests.swift; sourceTree = "<group>"; };
		5398AA3F1B45B41D00DD259B /* ScaleTests.swift */ = {isa = PBXFileReference; fileEncoding = 4; lastKnownFileType = sourcecode.swift; path = ScaleTests.swift; sourceTree = "<group>"; };
		53C6C0C01C60064D00565A5C /* FretsViewController.swift */ = {isa = PBXFileReference; fileEncoding = 4; lastKnownFileType = sourcecode.swift; path = FretsViewController.swift; sourceTree = "<group>"; };
/* End PBXFileReference section */

/* Begin PBXFrameworksBuildPhase section */
		530A4F441B45B1EE003DDCE3 /* Frameworks */ = {
			isa = PBXFrameworksBuildPhase;
			buildActionMask = 2147483647;
			files = (
			);
			runOnlyForDeploymentPostprocessing = 0;
		};
		530A4F591B45B1EE003DDCE3 /* Frameworks */ = {
			isa = PBXFrameworksBuildPhase;
			buildActionMask = 2147483647;
			files = (
			);
			runOnlyForDeploymentPostprocessing = 0;
		};
/* End PBXFrameworksBuildPhase section */

/* Begin PBXGroup section */
		530A4F3E1B45B1EE003DDCE3 = {
			isa = PBXGroup;
			children = (
				530A4F491B45B1EE003DDCE3 /* GuitarShapes */,
				530A4F5F1B45B1EE003DDCE3 /* GuitarShapesTests */,
				530A4F481B45B1EE003DDCE3 /* Products */,
			);
			sourceTree = "<group>";
		};
		530A4F481B45B1EE003DDCE3 /* Products */ = {
			isa = PBXGroup;
			children = (
				530A4F471B45B1EE003DDCE3 /* GuitarShapes.app */,
				530A4F5C1B45B1EE003DDCE3 /* GuitarShapesTests.xctest */,
			);
			name = Products;
			sourceTree = "<group>";
		};
		530A4F491B45B1EE003DDCE3 /* GuitarShapes */ = {
			isa = PBXGroup;
			children = (
				534EBC6E1B45B7F800C7C45C /* Views */,
				534EBC671B45B79400C7C45C /* Controllers */,
				534EBC641B45B76300C7C45C /* Helpers */,
				5398AA451B45B45B00DD259B /* Models */,
				530A4F4C1B45B1EE003DDCE3 /* AppDelegate.swift */,
				530A4F501B45B1EE003DDCE3 /* Main.storyboard */,
				530A4F531B45B1EE003DDCE3 /* Images.xcassets */,
				530A4F551B45B1EE003DDCE3 /* LaunchScreen.xib */,
				530A4F4A1B45B1EE003DDCE3 /* Supporting Files */,
			);
			path = GuitarShapes;
			sourceTree = SOURCE_ROOT;
		};
		530A4F4A1B45B1EE003DDCE3 /* Supporting Files */ = {
			isa = PBXGroup;
			children = (
				530A4F4B1B45B1EE003DDCE3 /* Info.plist */,
			);
			name = "Supporting Files";
			sourceTree = "<group>";
		};
		530A4F5F1B45B1EE003DDCE3 /* GuitarShapesTests */ = {
			isa = PBXGroup;
			children = (
				5398AA3D1B45B41D00DD259B /* NoteGuessingGameTests.swift */,
				5398AA3E1B45B41D00DD259B /* FingerPositionTests.swift */,
				5398AA3F1B45B41D00DD259B /* ScaleTests.swift */,
				535EC6101D01E8A00030A989 /* NoteGuessingGameHistoryTests.swift */,
				530A4F601B45B1EE003DDCE3 /* Supporting Files */,
			);
			path = GuitarShapesTests;
			sourceTree = "<group>";
		};
		530A4F601B45B1EE003DDCE3 /* Supporting Files */ = {
			isa = PBXGroup;
			children = (
				530A4F611B45B1EE003DDCE3 /* Info.plist */,
			);
			name = "Supporting Files";
			sourceTree = "<group>";
		};
		534EBC641B45B76300C7C45C /* Helpers */ = {
			isa = PBXGroup;
			children = (
				534EBC651B45B78500C7C45C /* ArrayExtensions.swift */,
			);
			path = Helpers;
			sourceTree = "<group>";
		};
		534EBC671B45B79400C7C45C /* Controllers */ = {
			isa = PBXGroup;
			children = (
				534EBC681B45B7EA00C7C45C /* NotesViewController.swift */,
				534EBC691B45B7EA00C7C45C /* ScalesViewController.swift */,
				5304F2241B86136000DBA4D4 /* SettingsViewController.swift */,
				53C6C0C01C60064D00565A5C /* FretsViewController.swift */,
			);
			path = Controllers;
			sourceTree = "<group>";
		};
		534EBC6E1B45B7F800C7C45C /* Views */ = {
			isa = PBXGroup;
			children = (
				534EBC6F1B45B81300C7C45C /* GuitarShapeDiagramUIView.swift */,
				534EBC701B45B81300C7C45C /* GuitarLayer.swift */,
				534EBC711B45B81300C7C45C /* PositionLayer.swift */,
				534EBC721B45B81300C7C45C /* ScaleLayer.swift */,
				534EBC731B45B81300C7C45C /* NoteCell.swift */,
			);
			path = Views;
			sourceTree = "<group>";
		};
		5398AA451B45B45B00DD259B /* Models */ = {
			isa = PBXGroup;
			children = (
				534EBC551B45B72000C7C45C /* FingerPosition.swift */,
				534EBC561B45B72000C7C45C /* Scale.swift */,
				534EBC571B45B72000C7C45C /* GuitarRenderingSettings.swift */,
				534EBC581B45B72000C7C45C /* Guitar.swift */,
				534EBC591B45B72000C7C45C /* NoteGuessingGame.swift */,
				5304F2261B86152F00DBA4D4 /* Settings.swift */,
				53018E7B1D06BEC300CD5A8D /* NoteGuessingGameHistory.swift */,
				53018E7D1D06BEDE00CD5A8D /* PositionAnswer.swift */,
				53018E7F1D06BF0200CD5A8D /* FingerPositionStats.swift */,
				53018E841D09667800CD5A8D /* GuitarString.swift */,
			);
			path = Models;
			sourceTree = "<group>";
		};
/* End PBXGroup section */

/* Begin PBXNativeTarget section */
		530A4F461B45B1EE003DDCE3 /* GuitarShapes */ = {
			isa = PBXNativeTarget;
			buildConfigurationList = 530A4F661B45B1EE003DDCE3 /* Build configuration list for PBXNativeTarget "GuitarShapes" */;
			buildPhases = (
				530A4F431B45B1EE003DDCE3 /* Sources */,
				530A4F441B45B1EE003DDCE3 /* Frameworks */,
				530A4F451B45B1EE003DDCE3 /* Resources */,
			);
			buildRules = (
			);
			dependencies = (
			);
			name = GuitarShapes;
			productName = GuitarShapes;
			productReference = 530A4F471B45B1EE003DDCE3 /* GuitarShapes.app */;
			productType = "com.apple.product-type.application";
		};
		530A4F5B1B45B1EE003DDCE3 /* GuitarShapesTests */ = {
			isa = PBXNativeTarget;
			buildConfigurationList = 530A4F691B45B1EE003DDCE3 /* Build configuration list for PBXNativeTarget "GuitarShapesTests" */;
			buildPhases = (
				530A4F581B45B1EE003DDCE3 /* Sources */,
				530A4F591B45B1EE003DDCE3 /* Frameworks */,
				530A4F5A1B45B1EE003DDCE3 /* Resources */,
			);
			buildRules = (
			);
			dependencies = (
				530A4F5E1B45B1EE003DDCE3 /* PBXTargetDependency */,
			);
			name = GuitarShapesTests;
			productName = GuitarShapesTests;
			productReference = 530A4F5C1B45B1EE003DDCE3 /* GuitarShapesTests.xctest */;
			productType = "com.apple.product-type.bundle.unit-test";
		};
/* End PBXNativeTarget section */

/* Begin PBXProject section */
		530A4F3F1B45B1EE003DDCE3 /* Project object */ = {
			isa = PBXProject;
			attributes = {
				LastSwiftMigration = 0720;
				LastSwiftUpdateCheck = 0720;
				LastUpgradeCheck = 0720;
				ORGANIZATIONNAME = "Corin Blaikie";
				TargetAttributes = {
					530A4F461B45B1EE003DDCE3 = {
						CreatedOnToolsVersion = 6.3.2;
					};
					530A4F5B1B45B1EE003DDCE3 = {
						CreatedOnToolsVersion = 6.3.2;
						TestTargetID = 530A4F461B45B1EE003DDCE3;
					};
				};
			};
			buildConfigurationList = 530A4F421B45B1EE003DDCE3 /* Build configuration list for PBXProject "GuitarShapes" */;
			compatibilityVersion = "Xcode 3.2";
			developmentRegion = English;
			hasScannedForEncodings = 0;
			knownRegions = (
				en,
				Base,
			);
			mainGroup = 530A4F3E1B45B1EE003DDCE3;
			productRefGroup = 530A4F481B45B1EE003DDCE3 /* Products */;
			projectDirPath = "";
			projectRoot = "";
			targets = (
				530A4F461B45B1EE003DDCE3 /* GuitarShapes */,
				530A4F5B1B45B1EE003DDCE3 /* GuitarShapesTests */,
			);
		};
/* End PBXProject section */

/* Begin PBXResourcesBuildPhase section */
		530A4F451B45B1EE003DDCE3 /* Resources */ = {
			isa = PBXResourcesBuildPhase;
			buildActionMask = 2147483647;
			files = (
				530A4F521B45B1EE003DDCE3 /* Main.storyboard in Resources */,
				530A4F571B45B1EE003DDCE3 /* LaunchScreen.xib in Resources */,
				530A4F541B45B1EE003DDCE3 /* Images.xcassets in Resources */,
			);
			runOnlyForDeploymentPostprocessing = 0;
		};
		530A4F5A1B45B1EE003DDCE3 /* Resources */ = {
			isa = PBXResourcesBuildPhase;
			buildActionMask = 2147483647;
			files = (
			);
			runOnlyForDeploymentPostprocessing = 0;
		};
/* End PBXResourcesBuildPhase section */

/* Begin PBXSourcesBuildPhase section */
		530A4F431B45B1EE003DDCE3 /* Sources */ = {
			isa = PBXSourcesBuildPhase;
			buildActionMask = 2147483647;
			files = (
				534EBC5E1B45B72000C7C45C /* NoteGuessingGame.swift in Sources */,
				530A4F4D1B45B1EE003DDCE3 /* AppDelegate.swift in Sources */,
				53018E851D09667800CD5A8D /* GuitarString.swift in Sources */,
				534EBC741B45B81300C7C45C /* GuitarShapeDiagramUIView.swift in Sources */,
				534EBC661B45B78500C7C45C /* ArrayExtensions.swift in Sources */,
				534EBC5B1B45B72000C7C45C /* Scale.swift in Sources */,
				534EBC751B45B81300C7C45C /* GuitarLayer.swift in Sources */,
				534EBC6C1B45B7EA00C7C45C /* ScalesViewController.swift in Sources */,
				534EBC771B45B81300C7C45C /* ScaleLayer.swift in Sources */,
				5304F2251B86136000DBA4D4 /* SettingsViewController.swift in Sources */,
				53C6C0C11C60064D00565A5C /* FretsViewController.swift in Sources */,
				534EBC6B1B45B7EA00C7C45C /* NotesViewController.swift in Sources */,
				5304F2271B86152F00DBA4D4 /* Settings.swift in Sources */,
				534EBC761B45B81300C7C45C /* PositionLayer.swift in Sources */,
				534EBC5A1B45B72000C7C45C /* FingerPosition.swift in Sources */,
				53018E7E1D06BEDE00CD5A8D /* PositionAnswer.swift in Sources */,
				53018E801D06BF0200CD5A8D /* FingerPositionStats.swift in Sources */,
				534EBC781B45B81300C7C45C /* NoteCell.swift in Sources */,
				53018E7C1D06BEC300CD5A8D /* NoteGuessingGameHistory.swift in Sources */,
				534EBC5D1B45B72000C7C45C /* Guitar.swift in Sources */,
				534EBC5C1B45B72000C7C45C /* GuitarRenderingSettings.swift in Sources */,
			);
			runOnlyForDeploymentPostprocessing = 0;
		};
		530A4F581B45B1EE003DDCE3 /* Sources */ = {
			isa = PBXSourcesBuildPhase;
			buildActionMask = 2147483647;
			files = (
				5398AA401B45B41D00DD259B /* NoteGuessingGameTests.swift in Sources */,
				53018E831D06C08D00CD5A8D /* FingerPositionStats.swift in Sources */,
				5398AA421B45B41D00DD259B /* ScaleTests.swift in Sources */,
				5398AA411B45B41D00DD259B /* FingerPositionTests.swift in Sources */,
				53018E811D06C06F00CD5A8D /* NoteGuessingGameHistory.swift in Sources */,
				534EBC611B45B74F00C7C45C /* GuitarRenderingSettings.swift in Sources */,
				5304F2281B86257600DBA4D4 /* Settings.swift in Sources */,
				535EC6111D01E8A00030A989 /* NoteGuessingGameHistoryTests.swift in Sources */,
				53018E821D06C07800CD5A8D /* PositionAnswer.swift in Sources */,
				534EBC601B45B74F00C7C45C /* Scale.swift in Sources */,
				534EBC621B45B74F00C7C45C /* Guitar.swift in Sources */,
				53018E861D09668E00CD5A8D /* GuitarString.swift in Sources */,
				534EBC631B45B74F00C7C45C /* NoteGuessingGame.swift in Sources */,
				534EBC791B45B88B00C7C45C /* ArrayExtensions.swift in Sources */,
				534EBC5F1B45B74F00C7C45C /* FingerPosition.swift in Sources */,
			);
			runOnlyForDeploymentPostprocessing = 0;
		};
/* End PBXSourcesBuildPhase section */

/* Begin PBXTargetDependency section */
		530A4F5E1B45B1EE003DDCE3 /* PBXTargetDependency */ = {
			isa = PBXTargetDependency;
			target = 530A4F461B45B1EE003DDCE3 /* GuitarShapes */;
			targetProxy = 530A4F5D1B45B1EE003DDCE3 /* PBXContainerItemProxy */;
		};
/* End PBXTargetDependency section */

/* Begin PBXVariantGroup section */
		530A4F501B45B1EE003DDCE3 /* Main.storyboard */ = {
			isa = PBXVariantGroup;
			children = (
				530A4F511B45B1EE003DDCE3 /* Base */,
			);
			name = Main.storyboard;
			sourceTree = "<group>";
		};
		530A4F551B45B1EE003DDCE3 /* LaunchScreen.xib */ = {
			isa = PBXVariantGroup;
			children = (
				530A4F561B45B1EE003DDCE3 /* Base */,
			);
			name = LaunchScreen.xib;
			sourceTree = "<group>";
		};
/* End PBXVariantGroup section */

/* Begin XCBuildConfiguration section */
		530A4F641B45B1EE003DDCE3 /* Debug */ = {
			isa = XCBuildConfiguration;
			buildSettings = {
				ALWAYS_SEARCH_USER_PATHS = NO;
				CLANG_CXX_LANGUAGE_STANDARD = "gnu++0x";
				CLANG_CXX_LIBRARY = "libc++";
				CLANG_ENABLE_MODULES = YES;
				CLANG_ENABLE_OBJC_ARC = YES;
				CLANG_WARN_BOOL_CONVERSION = YES;
				CLANG_WARN_CONSTANT_CONVERSION = YES;
				CLANG_WARN_DIRECT_OBJC_ISA_USAGE = YES_ERROR;
				CLANG_WARN_EMPTY_BODY = YES;
				CLANG_WARN_ENUM_CONVERSION = YES;
				CLANG_WARN_INT_CONVERSION = YES;
				CLANG_WARN_OBJC_ROOT_CLASS = YES_ERROR;
				CLANG_WARN_UNREACHABLE_CODE = YES;
				CLANG_WARN__DUPLICATE_METHOD_MATCH = YES;
				"CODE_SIGN_IDENTITY[sdk=iphoneos*]" = "";
				COPY_PHASE_STRIP = NO;
				DEBUG_INFORMATION_FORMAT = "dwarf-with-dsym";
				ENABLE_STRICT_OBJC_MSGSEND = YES;
				ENABLE_TESTABILITY = YES;
				GCC_C_LANGUAGE_STANDARD = gnu99;
				GCC_DYNAMIC_NO_PIC = NO;
				GCC_NO_COMMON_BLOCKS = YES;
				GCC_OPTIMIZATION_LEVEL = 0;
				GCC_PREPROCESSOR_DEFINITIONS = (
					"DEBUG=1",
					"$(inherited)",
				);
				GCC_SYMBOLS_PRIVATE_EXTERN = NO;
				GCC_WARN_64_TO_32_BIT_CONVERSION = YES;
				GCC_WARN_ABOUT_RETURN_TYPE = YES_ERROR;
				GCC_WARN_UNDECLARED_SELECTOR = YES;
				GCC_WARN_UNINITIALIZED_AUTOS = YES_AGGRESSIVE;
				GCC_WARN_UNUSED_FUNCTION = YES;
				GCC_WARN_UNUSED_VARIABLE = YES;
				IPHONEOS_DEPLOYMENT_TARGET = 9.2;
				MTL_ENABLE_DEBUG_INFO = YES;
				ONLY_ACTIVE_ARCH = YES;
				SDKROOT = iphoneos;
				SWIFT_OPTIMIZATION_LEVEL = "-Onone";
			};
			name = Debug;
		};
		530A4F651B45B1EE003DDCE3 /* Release */ = {
			isa = XCBuildConfiguration;
			buildSettings = {
				ALWAYS_SEARCH_USER_PATHS = NO;
				CLANG_CXX_LANGUAGE_STANDARD = "gnu++0x";
				CLANG_CXX_LIBRARY = "libc++";
				CLANG_ENABLE_MODULES = YES;
				CLANG_ENABLE_OBJC_ARC = YES;
				CLANG_WARN_BOOL_CONVERSION = YES;
				CLANG_WARN_CONSTANT_CONVERSION = YES;
				CLANG_WARN_DIRECT_OBJC_ISA_USAGE = YES_ERROR;
				CLANG_WARN_EMPTY_BODY = YES;
				CLANG_WARN_ENUM_CONVERSION = YES;
				CLANG_WARN_INT_CONVERSION = YES;
				CLANG_WARN_OBJC_ROOT_CLASS = YES_ERROR;
				CLANG_WARN_UNREACHABLE_CODE = YES;
				CLANG_WARN__DUPLICATE_METHOD_MATCH = YES;
				"CODE_SIGN_IDENTITY[sdk=iphoneos*]" = "";
				COPY_PHASE_STRIP = NO;
				DEBUG_INFORMATION_FORMAT = "dwarf-with-dsym";
				ENABLE_NS_ASSERTIONS = NO;
				ENABLE_STRICT_OBJC_MSGSEND = YES;
				GCC_C_LANGUAGE_STANDARD = gnu99;
				GCC_NO_COMMON_BLOCKS = YES;
				GCC_WARN_64_TO_32_BIT_CONVERSION = YES;
				GCC_WARN_ABOUT_RETURN_TYPE = YES_ERROR;
				GCC_WARN_UNDECLARED_SELECTOR = YES;
				GCC_WARN_UNINITIALIZED_AUTOS = YES_AGGRESSIVE;
				GCC_WARN_UNUSED_FUNCTION = YES;
				GCC_WARN_UNUSED_VARIABLE = YES;
				IPHONEOS_DEPLOYMENT_TARGET = 9.2;
				MTL_ENABLE_DEBUG_INFO = NO;
				SDKROOT = iphoneos;
				VALIDATE_PRODUCT = YES;
			};
			name = Release;
		};
		530A4F671B45B1EE003DDCE3 /* Debug */ = {
			isa = XCBuildConfiguration;
			buildSettings = {
				ASSETCATALOG_COMPILER_APPICON_NAME = AppIcon;
				CODE_SIGN_IDENTITY = "iPhone Developer";
				"CODE_SIGN_IDENTITY[sdk=iphoneos*]" = "iPhone Developer";
				INFOPLIST_FILE = GuitarShapes/Info.plist;
				IPHONEOS_DEPLOYMENT_TARGET = 9.2;
				LD_RUNPATH_SEARCH_PATHS = "$(inherited) @executable_path/Frameworks";
				PRODUCT_BUNDLE_IDENTIFIER = "corin.blaikie.$(PRODUCT_NAME:rfc1034identifier)";
				PRODUCT_NAME = "$(TARGET_NAME)";
				PROVISIONING_PROFILE = "";
			};
			name = Debug;
		};
		530A4F681B45B1EE003DDCE3 /* Release */ = {
			isa = XCBuildConfiguration;
			buildSettings = {
				ASSETCATALOG_COMPILER_APPICON_NAME = AppIcon;
				CODE_SIGN_IDENTITY = "iPhone Developer";
				"CODE_SIGN_IDENTITY[sdk=iphoneos*]" = "iPhone Developer";
				INFOPLIST_FILE = GuitarShapes/Info.plist;
				IPHONEOS_DEPLOYMENT_TARGET = 9.2;
				LD_RUNPATH_SEARCH_PATHS = "$(inherited) @executable_path/Frameworks";
				PRODUCT_BUNDLE_IDENTIFIER = "corin.blaikie.$(PRODUCT_NAME:rfc1034identifier)";
				PRODUCT_NAME = "$(TARGET_NAME)";
				PROVISIONING_PROFILE = "";
			};
			name = Release;
		};
		530A4F6A1B45B1EE003DDCE3 /* Debug */ = {
			isa = XCBuildConfiguration;
			buildSettings = {
				BUNDLE_LOADER = "$(TEST_HOST)";
				GCC_PREPROCESSOR_DEFINITIONS = (
					"DEBUG=1",
					"$(inherited)",
				);
				INFOPLIST_FILE = GuitarShapesTests/Info.plist;
				LD_RUNPATH_SEARCH_PATHS = "$(inherited) @executable_path/Frameworks @loader_path/Frameworks";
				PRODUCT_BUNDLE_IDENTIFIER = "corin.blaikie.$(PRODUCT_NAME:rfc1034identifier)";
				PRODUCT_NAME = "$(TARGET_NAME)";
				TEST_HOST = "$(BUILT_PRODUCTS_DIR)/GuitarShapes.app/GuitarShapes";
			};
			name = Debug;
		};
		530A4F6B1B45B1EE003DDCE3 /* Release */ = {
			isa = XCBuildConfiguration;
			buildSettings = {
				BUNDLE_LOADER = "$(TEST_HOST)";
				INFOPLIST_FILE = GuitarShapesTests/Info.plist;
				LD_RUNPATH_SEARCH_PATHS = "$(inherited) @executable_path/Frameworks @loader_path/Frameworks";
				PRODUCT_BUNDLE_IDENTIFIER = "corin.blaikie.$(PRODUCT_NAME:rfc1034identifier)";
				PRODUCT_NAME = "$(TARGET_NAME)";
				TEST_HOST = "$(BUILT_PRODUCTS_DIR)/GuitarShapes.app/GuitarShapes";
			};
			name = Release;
		};
/* End XCBuildConfiguration section */

/* Begin XCConfigurationList section */
		530A4F421B45B1EE003DDCE3 /* Build configuration list for PBXProject "GuitarShapes" */ = {
			isa = XCConfigurationList;
			buildConfigurations = (
				530A4F641B45B1EE003DDCE3 /* Debug */,
				530A4F651B45B1EE003DDCE3 /* Release */,
			);
			defaultConfigurationIsVisible = 0;
			defaultConfigurationName = Release;
		};
		530A4F661B45B1EE003DDCE3 /* Build configuration list for PBXNativeTarget "GuitarShapes" */ = {
			isa = XCConfigurationList;
			buildConfigurations = (
				530A4F671B45B1EE003DDCE3 /* Debug */,
				530A4F681B45B1EE003DDCE3 /* Release */,
			);
			defaultConfigurationIsVisible = 0;
			defaultConfigurationName = Release;
		};
		530A4F691B45B1EE003DDCE3 /* Build configuration list for PBXNativeTarget "GuitarShapesTests" */ = {
			isa = XCConfigurationList;
			buildConfigurations = (
				530A4F6A1B45B1EE003DDCE3 /* Debug */,
				530A4F6B1B45B1EE003DDCE3 /* Release */,
			);
			defaultConfigurationIsVisible = 0;
			defaultConfigurationName = Release;
		};
/* End XCConfigurationList section */
	};
	rootObject = 530A4F3F1B45B1EE003DDCE3 /* Project object */;
}
